// !$*UTF8*$!
{
	archiveVersion = 1;
	classes = {
	};
	objectVersion = 55;
	objects = {

/* Begin PBXBuildFile section */
		6F7B451828C7B1C40000EEB5 /* AppDelegate.swift in Sources */ = {isa = PBXBuildFile; fileRef = 6F7B451728C7B1C40000EEB5 /* AppDelegate.swift */; };
		6F7B451A28C7B1C40000EEB5 /* SceneDelegate.swift in Sources */ = {isa = PBXBuildFile; fileRef = 6F7B451928C7B1C40000EEB5 /* SceneDelegate.swift */; };
		6F7B451C28C7B1C40000EEB5 /* ViewController.swift in Sources */ = {isa = PBXBuildFile; fileRef = 6F7B451B28C7B1C40000EEB5 /* ViewController.swift */; };
		6F7B451F28C7B1C40000EEB5 /* Main.storyboard in Resources */ = {isa = PBXBuildFile; fileRef = 6F7B451D28C7B1C40000EEB5 /* Main.storyboard */; };
		6F7B452128C7B1C60000EEB5 /* Assets.xcassets in Resources */ = {isa = PBXBuildFile; fileRef = 6F7B452028C7B1C60000EEB5 /* Assets.xcassets */; };
		6F7B452428C7B1C60000EEB5 /* LaunchScreen.storyboard in Resources */ = {isa = PBXBuildFile; fileRef = 6F7B452228C7B1C60000EEB5 /* LaunchScreen.storyboard */; };
		6F7B452F28C7B1C60000EEB5 /* UsersManagementAppTests.swift in Sources */ = {isa = PBXBuildFile; fileRef = 6F7B452E28C7B1C60000EEB5 /* UsersManagementAppTests.swift */; };
		6F7B453928C7B1C60000EEB5 /* UsersManagementAppUITests.swift in Sources */ = {isa = PBXBuildFile; fileRef = 6F7B453828C7B1C60000EEB5 /* UsersManagementAppUITests.swift */; };
		6F7B453B28C7B1C60000EEB5 /* UsersManagementAppUITestsLaunchTests.swift in Sources */ = {isa = PBXBuildFile; fileRef = 6F7B453A28C7B1C60000EEB5 /* UsersManagementAppUITestsLaunchTests.swift */; };
		6F7B454928C7B2BB0000EEB5 /* User.swift in Sources */ = {isa = PBXBuildFile; fileRef = 6F7B454828C7B2BB0000EEB5 /* User.swift */; };
		6F7B454D28C7B3EE0000EEB5 /* APIService.swift in Sources */ = {isa = PBXBuildFile; fileRef = 6F7B454C28C7B3EE0000EEB5 /* APIService.swift */; };
		6F7B455028C7B4DB0000EEB5 /* UserManagementViewModel.swift in Sources */ = {isa = PBXBuildFile; fileRef = 6F7B454F28C7B4DB0000EEB5 /* UserManagementViewModel.swift */; };
		6F7B455328C7B9110000EEB5 /* ViewController+UITableViewDataSource.swift in Sources */ = {isa = PBXBuildFile; fileRef = 6F7B455228C7B9110000EEB5 /* ViewController+UITableViewDataSource.swift */; };
		6F7B455628C7C0680000EEB5 /* Observable.swift in Sources */ = {isa = PBXBuildFile; fileRef = 6F7B455528C7C0680000EEB5 /* Observable.swift */; };
		6F7B455928C7C5550000EEB5 /* CustomCell.xib in Resources */ = {isa = PBXBuildFile; fileRef = 6F7B455828C7C5550000EEB5 /* CustomCell.xib */; };
		6F7B455B28C7C5A90000EEB5 /* CustomCell.swift in Sources */ = {isa = PBXBuildFile; fileRef = 6F7B455A28C7C5A90000EEB5 /* CustomCell.swift */; };
		6F7B455D28C7CCA50000EEB5 /* ViewController+UITableViewDelegate.swift in Sources */ = {isa = PBXBuildFile; fileRef = 6F7B455C28C7CCA50000EEB5 /* ViewController+UITableViewDelegate.swift */; };
		6F7B455F28C7CF800000EEB5 /* UserDisplay.swift in Sources */ = {isa = PBXBuildFile; fileRef = 6F7B455E28C7CF800000EEB5 /* UserDisplay.swift */; };
/* End PBXBuildFile section */

/* Begin PBXContainerItemProxy section */
		6F7B452B28C7B1C60000EEB5 /* PBXContainerItemProxy */ = {
			isa = PBXContainerItemProxy;
			containerPortal = 6F7B450C28C7B1C40000EEB5 /* Project object */;
			proxyType = 1;
			remoteGlobalIDString = 6F7B451328C7B1C40000EEB5;
			remoteInfo = UsersManagementApp;
		};
		6F7B453528C7B1C60000EEB5 /* PBXContainerItemProxy */ = {
			isa = PBXContainerItemProxy;
			containerPortal = 6F7B450C28C7B1C40000EEB5 /* Project object */;
			proxyType = 1;
			remoteGlobalIDString = 6F7B451328C7B1C40000EEB5;
			remoteInfo = UsersManagementApp;
		};
/* End PBXContainerItemProxy section */

/* Begin PBXFileReference section */
		6F7B451428C7B1C40000EEB5 /* UsersManagementApp.app */ = {isa = PBXFileReference; explicitFileType = wrapper.application; includeInIndex = 0; path = UsersManagementApp.app; sourceTree = BUILT_PRODUCTS_DIR; };
		6F7B451728C7B1C40000EEB5 /* AppDelegate.swift */ = {isa = PBXFileReference; lastKnownFileType = sourcecode.swift; path = AppDelegate.swift; sourceTree = "<group>"; };
		6F7B451928C7B1C40000EEB5 /* SceneDelegate.swift */ = {isa = PBXFileReference; lastKnownFileType = sourcecode.swift; path = SceneDelegate.swift; sourceTree = "<group>"; };
		6F7B451B28C7B1C40000EEB5 /* ViewController.swift */ = {isa = PBXFileReference; lastKnownFileType = sourcecode.swift; path = ViewController.swift; sourceTree = "<group>"; };
		6F7B451E28C7B1C40000EEB5 /* Base */ = {isa = PBXFileReference; lastKnownFileType = file.storyboard; name = Base; path = Base.lproj/Main.storyboard; sourceTree = "<group>"; };
		6F7B452028C7B1C60000EEB5 /* Assets.xcassets */ = {isa = PBXFileReference; lastKnownFileType = folder.assetcatalog; path = Assets.xcassets; sourceTree = "<group>"; };
		6F7B452328C7B1C60000EEB5 /* Base */ = {isa = PBXFileReference; lastKnownFileType = file.storyboard; name = Base; path = Base.lproj/LaunchScreen.storyboard; sourceTree = "<group>"; };
		6F7B452528C7B1C60000EEB5 /* Info.plist */ = {isa = PBXFileReference; lastKnownFileType = text.plist.xml; path = Info.plist; sourceTree = "<group>"; };
		6F7B452A28C7B1C60000EEB5 /* UsersManagementAppTests.xctest */ = {isa = PBXFileReference; explicitFileType = wrapper.cfbundle; includeInIndex = 0; path = UsersManagementAppTests.xctest; sourceTree = BUILT_PRODUCTS_DIR; };
		6F7B452E28C7B1C60000EEB5 /* UsersManagementAppTests.swift */ = {isa = PBXFileReference; lastKnownFileType = sourcecode.swift; path = UsersManagementAppTests.swift; sourceTree = "<group>"; };
		6F7B453428C7B1C60000EEB5 /* UsersManagementAppUITests.xctest */ = {isa = PBXFileReference; explicitFileType = wrapper.cfbundle; includeInIndex = 0; path = UsersManagementAppUITests.xctest; sourceTree = BUILT_PRODUCTS_DIR; };
		6F7B453828C7B1C60000EEB5 /* UsersManagementAppUITests.swift */ = {isa = PBXFileReference; lastKnownFileType = sourcecode.swift; path = UsersManagementAppUITests.swift; sourceTree = "<group>"; };
		6F7B453A28C7B1C60000EEB5 /* UsersManagementAppUITestsLaunchTests.swift */ = {isa = PBXFileReference; lastKnownFileType = sourcecode.swift; path = UsersManagementAppUITestsLaunchTests.swift; sourceTree = "<group>"; };
		6F7B454828C7B2BB0000EEB5 /* User.swift */ = {isa = PBXFileReference; lastKnownFileType = sourcecode.swift; path = User.swift; sourceTree = "<group>"; };
		6F7B454C28C7B3EE0000EEB5 /* APIService.swift */ = {isa = PBXFileReference; lastKnownFileType = sourcecode.swift; path = APIService.swift; sourceTree = "<group>"; };
		6F7B454F28C7B4DB0000EEB5 /* UserManagementViewModel.swift */ = {isa = PBXFileReference; lastKnownFileType = sourcecode.swift; path = UserManagementViewModel.swift; sourceTree = "<group>"; };
		6F7B455228C7B9110000EEB5 /* ViewController+UITableViewDataSource.swift */ = {isa = PBXFileReference; lastKnownFileType = sourcecode.swift; path = "ViewController+UITableViewDataSource.swift"; sourceTree = "<group>"; };
		6F7B455528C7C0680000EEB5 /* Observable.swift */ = {isa = PBXFileReference; lastKnownFileType = sourcecode.swift; path = Observable.swift; sourceTree = "<group>"; };
		6F7B455828C7C5550000EEB5 /* CustomCell.xib */ = {isa = PBXFileReference; lastKnownFileType = file.xib; path = CustomCell.xib; sourceTree = "<group>"; };
		6F7B455A28C7C5A90000EEB5 /* CustomCell.swift */ = {isa = PBXFileReference; lastKnownFileType = sourcecode.swift; path = CustomCell.swift; sourceTree = "<group>"; };
		6F7B455C28C7CCA50000EEB5 /* ViewController+UITableViewDelegate.swift */ = {isa = PBXFileReference; lastKnownFileType = sourcecode.swift; path = "ViewController+UITableViewDelegate.swift"; sourceTree = "<group>"; };
		6F7B455E28C7CF800000EEB5 /* UserDisplay.swift */ = {isa = PBXFileReference; lastKnownFileType = sourcecode.swift; path = UserDisplay.swift; sourceTree = "<group>"; };
/* End PBXFileReference section */

/* Begin PBXFrameworksBuildPhase section */
		6F7B451128C7B1C40000EEB5 /* Frameworks */ = {
			isa = PBXFrameworksBuildPhase;
			buildActionMask = 2147483647;
			files = (
			);
			runOnlyForDeploymentPostprocessing = 0;
		};
		6F7B452728C7B1C60000EEB5 /* Frameworks */ = {
			isa = PBXFrameworksBuildPhase;
			buildActionMask = 2147483647;
			files = (
			);
			runOnlyForDeploymentPostprocessing = 0;
		};
		6F7B453128C7B1C60000EEB5 /* Frameworks */ = {
			isa = PBXFrameworksBuildPhase;
			buildActionMask = 2147483647;
			files = (
			);
			runOnlyForDeploymentPostprocessing = 0;
		};
/* End PBXFrameworksBuildPhase section */

/* Begin PBXGroup section */
		6F7B450B28C7B1C40000EEB5 = {
			isa = PBXGroup;
			children = (
				6F7B451628C7B1C40000EEB5 /* UsersManagementApp */,
				6F7B452D28C7B1C60000EEB5 /* UsersManagementAppTests */,
				6F7B453728C7B1C60000EEB5 /* UsersManagementAppUITests */,
				6F7B451528C7B1C40000EEB5 /* Products */,
			);
			sourceTree = "<group>";
		};
		6F7B451528C7B1C40000EEB5 /* Products */ = {
			isa = PBXGroup;
			children = (
				6F7B451428C7B1C40000EEB5 /* UsersManagementApp.app */,
				6F7B452A28C7B1C60000EEB5 /* UsersManagementAppTests.xctest */,
				6F7B453428C7B1C60000EEB5 /* UsersManagementAppUITests.xctest */,
			);
			name = Products;
			sourceTree = "<group>";
		};
		6F7B451628C7B1C40000EEB5 /* UsersManagementApp */ = {
			isa = PBXGroup;
			children = (
				6F7B455428C7C0570000EEB5 /* Helpers */,
				6F7B455128C7B83F0000EEB5 /* View */,
				6F7B454728C7B2A30000EEB5 /* Model */,
				6F7B454B28C7B3CE0000EEB5 /* Service */,
				6F7B454E28C7B49A0000EEB5 /* ViewController */,
				6F7B454A28C7B3950000EEB5 /* ViewModel */,
				6F7B451728C7B1C40000EEB5 /* AppDelegate.swift */,
				6F7B451928C7B1C40000EEB5 /* SceneDelegate.swift */,
				6F7B452028C7B1C60000EEB5 /* Assets.xcassets */,
				6F7B452228C7B1C60000EEB5 /* LaunchScreen.storyboard */,
				6F7B452528C7B1C60000EEB5 /* Info.plist */,
			);
			path = UsersManagementApp;
			sourceTree = "<group>";
		};
		6F7B452D28C7B1C60000EEB5 /* UsersManagementAppTests */ = {
			isa = PBXGroup;
			children = (
				6F7B452E28C7B1C60000EEB5 /* UsersManagementAppTests.swift */,
			);
			path = UsersManagementAppTests;
			sourceTree = "<group>";
		};
		6F7B453728C7B1C60000EEB5 /* UsersManagementAppUITests */ = {
			isa = PBXGroup;
			children = (
				6F7B453828C7B1C60000EEB5 /* UsersManagementAppUITests.swift */,
				6F7B453A28C7B1C60000EEB5 /* UsersManagementAppUITestsLaunchTests.swift */,
			);
			path = UsersManagementAppUITests;
			sourceTree = "<group>";
		};
		6F7B454728C7B2A30000EEB5 /* Model */ = {
			isa = PBXGroup;
			children = (
				6F7B454828C7B2BB0000EEB5 /* User.swift */,
				6F7B455E28C7CF800000EEB5 /* UserDisplay.swift */,
			);
			path = Model;
			sourceTree = "<group>";
		};
		6F7B454A28C7B3950000EEB5 /* ViewModel */ = {
			isa = PBXGroup;
			children = (
				6F7B454F28C7B4DB0000EEB5 /* UserManagementViewModel.swift */,
			);
			path = ViewModel;
			sourceTree = "<group>";
		};
		6F7B454B28C7B3CE0000EEB5 /* Service */ = {
			isa = PBXGroup;
			children = (
				6F7B454C28C7B3EE0000EEB5 /* APIService.swift */,
			);
			path = Service;
			sourceTree = "<group>";
		};
		6F7B454E28C7B49A0000EEB5 /* ViewController */ = {
			isa = PBXGroup;
			children = (
				6F7B451B28C7B1C40000EEB5 /* ViewController.swift */,
				6F7B455228C7B9110000EEB5 /* ViewController+UITableViewDataSource.swift */,
				6F7B455C28C7CCA50000EEB5 /* ViewController+UITableViewDelegate.swift */,
			);
			path = ViewController;
			sourceTree = "<group>";
		};
		6F7B455128C7B83F0000EEB5 /* View */ = {
			isa = PBXGroup;
			children = (
				6F7B455728C7C4E70000EEB5 /* CustomCell */,
				6F7B451D28C7B1C40000EEB5 /* Main.storyboard */,
			);
			path = View;
			sourceTree = "<group>";
		};
		6F7B455428C7C0570000EEB5 /* Helpers */ = {
			isa = PBXGroup;
			children = (
				6F7B455528C7C0680000EEB5 /* Observable.swift */,
			);
			path = Helpers;
			sourceTree = "<group>";
		};
		6F7B455728C7C4E70000EEB5 /* CustomCell */ = {
			isa = PBXGroup;
			children = (
				6F7B455828C7C5550000EEB5 /* CustomCell.xib */,
				6F7B455A28C7C5A90000EEB5 /* CustomCell.swift */,
			);
			path = CustomCell;
			sourceTree = "<group>";
		};
/* End PBXGroup section */

/* Begin PBXNativeTarget section */
		6F7B451328C7B1C40000EEB5 /* UsersManagementApp */ = {
			isa = PBXNativeTarget;
			buildConfigurationList = 6F7B453E28C7B1C60000EEB5 /* Build configuration list for PBXNativeTarget "UsersManagementApp" */;
			buildPhases = (
				6F7B451028C7B1C40000EEB5 /* Sources */,
				6F7B451128C7B1C40000EEB5 /* Frameworks */,
				6F7B451228C7B1C40000EEB5 /* Resources */,
			);
			buildRules = (
			);
			dependencies = (
			);
			name = UsersManagementApp;
			productName = UsersManagementApp;
			productReference = 6F7B451428C7B1C40000EEB5 /* UsersManagementApp.app */;
			productType = "com.apple.product-type.application";
		};
		6F7B452928C7B1C60000EEB5 /* UsersManagementAppTests */ = {
			isa = PBXNativeTarget;
			buildConfigurationList = 6F7B454128C7B1C60000EEB5 /* Build configuration list for PBXNativeTarget "UsersManagementAppTests" */;
			buildPhases = (
				6F7B452628C7B1C60000EEB5 /* Sources */,
				6F7B452728C7B1C60000EEB5 /* Frameworks */,
				6F7B452828C7B1C60000EEB5 /* Resources */,
			);
			buildRules = (
			);
			dependencies = (
				6F7B452C28C7B1C60000EEB5 /* PBXTargetDependency */,
			);
			name = UsersManagementAppTests;
			productName = UsersManagementAppTests;
			productReference = 6F7B452A28C7B1C60000EEB5 /* UsersManagementAppTests.xctest */;
			productType = "com.apple.product-type.bundle.unit-test";
		};
		6F7B453328C7B1C60000EEB5 /* UsersManagementAppUITests */ = {
			isa = PBXNativeTarget;
			buildConfigurationList = 6F7B454428C7B1C60000EEB5 /* Build configuration list for PBXNativeTarget "UsersManagementAppUITests" */;
			buildPhases = (
				6F7B453028C7B1C60000EEB5 /* Sources */,
				6F7B453128C7B1C60000EEB5 /* Frameworks */,
				6F7B453228C7B1C60000EEB5 /* Resources */,
			);
			buildRules = (
			);
			dependencies = (
				6F7B453628C7B1C60000EEB5 /* PBXTargetDependency */,
			);
			name = UsersManagementAppUITests;
			productName = UsersManagementAppUITests;
			productReference = 6F7B453428C7B1C60000EEB5 /* UsersManagementAppUITests.xctest */;
			productType = "com.apple.product-type.bundle.ui-testing";
		};
/* End PBXNativeTarget section */

/* Begin PBXProject section */
		6F7B450C28C7B1C40000EEB5 /* Project object */ = {
			isa = PBXProject;
			attributes = {
				BuildIndependentTargetsInParallel = 1;
				LastSwiftUpdateCheck = 1320;
				LastUpgradeCheck = 1320;
				TargetAttributes = {
					6F7B451328C7B1C40000EEB5 = {
						CreatedOnToolsVersion = 13.2.1;
					};
					6F7B452928C7B1C60000EEB5 = {
						CreatedOnToolsVersion = 13.2.1;
						TestTargetID = 6F7B451328C7B1C40000EEB5;
					};
					6F7B453328C7B1C60000EEB5 = {
						CreatedOnToolsVersion = 13.2.1;
						TestTargetID = 6F7B451328C7B1C40000EEB5;
					};
				};
			};
			buildConfigurationList = 6F7B450F28C7B1C40000EEB5 /* Build configuration list for PBXProject "UsersManagementApp" */;
			compatibilityVersion = "Xcode 13.0";
			developmentRegion = en;
			hasScannedForEncodings = 0;
			knownRegions = (
				en,
				Base,
			);
			mainGroup = 6F7B450B28C7B1C40000EEB5;
			productRefGroup = 6F7B451528C7B1C40000EEB5 /* Products */;
			projectDirPath = "";
			projectRoot = "";
			targets = (
				6F7B451328C7B1C40000EEB5 /* UsersManagementApp */,
				6F7B452928C7B1C60000EEB5 /* UsersManagementAppTests */,
				6F7B453328C7B1C60000EEB5 /* UsersManagementAppUITests */,
			);
		};
/* End PBXProject section */

/* Begin PBXResourcesBuildPhase section */
		6F7B451228C7B1C40000EEB5 /* Resources */ = {
			isa = PBXResourcesBuildPhase;
			buildActionMask = 2147483647;
			files = (
				6F7B452428C7B1C60000EEB5 /* LaunchScreen.storyboard in Resources */,
				6F7B452128C7B1C60000EEB5 /* Assets.xcassets in Resources */,
				6F7B455928C7C5550000EEB5 /* CustomCell.xib in Resources */,
				6F7B451F28C7B1C40000EEB5 /* Main.storyboard in Resources */,
			);
			runOnlyForDeploymentPostprocessing = 0;
		};
		6F7B452828C7B1C60000EEB5 /* Resources */ = {
			isa = PBXResourcesBuildPhase;
			buildActionMask = 2147483647;
			files = (
			);
			runOnlyForDeploymentPostprocessing = 0;
		};
		6F7B453228C7B1C60000EEB5 /* Resources */ = {
			isa = PBXResourcesBuildPhase;
			buildActionMask = 2147483647;
			files = (
			);
			runOnlyForDeploymentPostprocessing = 0;
		};
/* End PBXResourcesBuildPhase section */

/* Begin PBXSourcesBuildPhase section */
		6F7B451028C7B1C40000EEB5 /* Sources */ = {
			isa = PBXSourcesBuildPhase;
			buildActionMask = 2147483647;
			files = (
				6F7B455628C7C0680000EEB5 /* Observable.swift in Sources */,
				6F7B455F28C7CF800000EEB5 /* UserDisplay.swift in Sources */,
				6F7B455D28C7CCA50000EEB5 /* ViewController+UITableViewDelegate.swift in Sources */,
				6F7B455328C7B9110000EEB5 /* ViewController+UITableViewDataSource.swift in Sources */,
				6F7B454928C7B2BB0000EEB5 /* User.swift in Sources */,
				6F7B454D28C7B3EE0000EEB5 /* APIService.swift in Sources */,
				6F7B455B28C7C5A90000EEB5 /* CustomCell.swift in Sources */,
				6F7B455028C7B4DB0000EEB5 /* UserManagementViewModel.swift in Sources */,
				6F7B451C28C7B1C40000EEB5 /* ViewController.swift in Sources */,
				6F7B451828C7B1C40000EEB5 /* AppDelegate.swift in Sources */,
				6F7B451A28C7B1C40000EEB5 /* SceneDelegate.swift in Sources */,
			);
			runOnlyForDeploymentPostprocessing = 0;
		};
		6F7B452628C7B1C60000EEB5 /* Sources */ = {
			isa = PBXSourcesBuildPhase;
			buildActionMask = 2147483647;
			files = (
				6F7B452F28C7B1C60000EEB5 /* UsersManagementAppTests.swift in Sources */,
			);
			runOnlyForDeploymentPostprocessing = 0;
		};
		6F7B453028C7B1C60000EEB5 /* Sources */ = {
			isa = PBXSourcesBuildPhase;
			buildActionMask = 2147483647;
			files = (
				6F7B453B28C7B1C60000EEB5 /* UsersManagementAppUITestsLaunchTests.swift in Sources */,
				6F7B453928C7B1C60000EEB5 /* UsersManagementAppUITests.swift in Sources */,
			);
			runOnlyForDeploymentPostprocessing = 0;
		};
/* End PBXSourcesBuildPhase section */

/* Begin PBXTargetDependency section */
		6F7B452C28C7B1C60000EEB5 /* PBXTargetDependency */ = {
			isa = PBXTargetDependency;
			target = 6F7B451328C7B1C40000EEB5 /* UsersManagementApp */;
			targetProxy = 6F7B452B28C7B1C60000EEB5 /* PBXContainerItemProxy */;
		};
		6F7B453628C7B1C60000EEB5 /* PBXTargetDependency */ = {
			isa = PBXTargetDependency;
			target = 6F7B451328C7B1C40000EEB5 /* UsersManagementApp */;
			targetProxy = 6F7B453528C7B1C60000EEB5 /* PBXContainerItemProxy */;
		};
/* End PBXTargetDependency section */

/* Begin PBXVariantGroup section */
		6F7B451D28C7B1C40000EEB5 /* Main.storyboard */ = {
			isa = PBXVariantGroup;
			children = (
				6F7B451E28C7B1C40000EEB5 /* Base */,
			);
			name = Main.storyboard;
			sourceTree = "<group>";
		};
		6F7B452228C7B1C60000EEB5 /* LaunchScreen.storyboard */ = {
			isa = PBXVariantGroup;
			children = (
				6F7B452328C7B1C60000EEB5 /* Base */,
			);
			name = LaunchScreen.storyboard;
			sourceTree = "<group>";
		};
/* End PBXVariantGroup section */

/* Begin XCBuildConfiguration section */
		6F7B453C28C7B1C60000EEB5 /* Debug */ = {
			isa = XCBuildConfiguration;
			buildSettings = {
				ALWAYS_SEARCH_USER_PATHS = NO;
				CLANG_ANALYZER_NONNULL = YES;
				CLANG_ANALYZER_NUMBER_OBJECT_CONVERSION = YES_AGGRESSIVE;
				CLANG_CXX_LANGUAGE_STANDARD = "gnu++17";
				CLANG_CXX_LIBRARY = "libc++";
				CLANG_ENABLE_MODULES = YES;
				CLANG_ENABLE_OBJC_ARC = YES;
				CLANG_ENABLE_OBJC_WEAK = YES;
				CLANG_WARN_BLOCK_CAPTURE_AUTORELEASING = YES;
				CLANG_WARN_BOOL_CONVERSION = YES;
				CLANG_WARN_COMMA = YES;
				CLANG_WARN_CONSTANT_CONVERSION = YES;
				CLANG_WARN_DEPRECATED_OBJC_IMPLEMENTATIONS = YES;
				CLANG_WARN_DIRECT_OBJC_ISA_USAGE = YES_ERROR;
				CLANG_WARN_DOCUMENTATION_COMMENTS = YES;
				CLANG_WARN_EMPTY_BODY = YES;
				CLANG_WARN_ENUM_CONVERSION = YES;
				CLANG_WARN_INFINITE_RECURSION = YES;
				CLANG_WARN_INT_CONVERSION = YES;
				CLANG_WARN_NON_LITERAL_NULL_CONVERSION = YES;
				CLANG_WARN_OBJC_IMPLICIT_RETAIN_SELF = YES;
				CLANG_WARN_OBJC_LITERAL_CONVERSION = YES;
				CLANG_WARN_OBJC_ROOT_CLASS = YES_ERROR;
				CLANG_WARN_QUOTED_INCLUDE_IN_FRAMEWORK_HEADER = YES;
				CLANG_WARN_RANGE_LOOP_ANALYSIS = YES;
				CLANG_WARN_STRICT_PROTOTYPES = YES;
				CLANG_WARN_SUSPICIOUS_MOVE = YES;
				CLANG_WARN_UNGUARDED_AVAILABILITY = YES_AGGRESSIVE;
				CLANG_WARN_UNREACHABLE_CODE = YES;
				CLANG_WARN__DUPLICATE_METHOD_MATCH = YES;
				COPY_PHASE_STRIP = NO;
				DEBUG_INFORMATION_FORMAT = dwarf;
				ENABLE_STRICT_OBJC_MSGSEND = YES;
				ENABLE_TESTABILITY = YES;
				GCC_C_LANGUAGE_STANDARD = gnu11;
				GCC_DYNAMIC_NO_PIC = NO;
				GCC_NO_COMMON_BLOCKS = YES;
				GCC_OPTIMIZATION_LEVEL = 0;
				GCC_PREPROCESSOR_DEFINITIONS = (
					"DEBUG=1",
					"$(inherited)",
				);
				GCC_WARN_64_TO_32_BIT_CONVERSION = YES;
				GCC_WARN_ABOUT_RETURN_TYPE = YES_ERROR;
				GCC_WARN_UNDECLARED_SELECTOR = YES;
				GCC_WARN_UNINITIALIZED_AUTOS = YES_AGGRESSIVE;
				GCC_WARN_UNUSED_FUNCTION = YES;
				GCC_WARN_UNUSED_VARIABLE = YES;
				IPHONEOS_DEPLOYMENT_TARGET = 15.2;
				MTL_ENABLE_DEBUG_INFO = INCLUDE_SOURCE;
				MTL_FAST_MATH = YES;
				ONLY_ACTIVE_ARCH = YES;
				SDKROOT = iphoneos;
				SWIFT_ACTIVE_COMPILATION_CONDITIONS = DEBUG;
				SWIFT_OPTIMIZATION_LEVEL = "-Onone";
			};
			name = Debug;
		};
		6F7B453D28C7B1C60000EEB5 /* Release */ = {
			isa = XCBuildConfiguration;
			buildSettings = {
				ALWAYS_SEARCH_USER_PATHS = NO;
				CLANG_ANALYZER_NONNULL = YES;
				CLANG_ANALYZER_NUMBER_OBJECT_CONVERSION = YES_AGGRESSIVE;
				CLANG_CXX_LANGUAGE_STANDARD = "gnu++17";
				CLANG_CXX_LIBRARY = "libc++";
				CLANG_ENABLE_MODULES = YES;
				CLANG_ENABLE_OBJC_ARC = YES;
				CLANG_ENABLE_OBJC_WEAK = YES;
				CLANG_WARN_BLOCK_CAPTURE_AUTORELEASING = YES;
				CLANG_WARN_BOOL_CONVERSION = YES;
				CLANG_WARN_COMMA = YES;
				CLANG_WARN_CONSTANT_CONVERSION = YES;
				CLANG_WARN_DEPRECATED_OBJC_IMPLEMENTATIONS = YES;
				CLANG_WARN_DIRECT_OBJC_ISA_USAGE = YES_ERROR;
				CLANG_WARN_DOCUMENTATION_COMMENTS = YES;
				CLANG_WARN_EMPTY_BODY = YES;
				CLANG_WARN_ENUM_CONVERSION = YES;
				CLANG_WARN_INFINITE_RECURSION = YES;
				CLANG_WARN_INT_CONVERSION = YES;
				CLANG_WARN_NON_LITERAL_NULL_CONVERSION = YES;
				CLANG_WARN_OBJC_IMPLICIT_RETAIN_SELF = YES;
				CLANG_WARN_OBJC_LITERAL_CONVERSION = YES;
				CLANG_WARN_OBJC_ROOT_CLASS = YES_ERROR;
				CLANG_WARN_QUOTED_INCLUDE_IN_FRAMEWORK_HEADER = YES;
				CLANG_WARN_RANGE_LOOP_ANALYSIS = YES;
				CLANG_WARN_STRICT_PROTOTYPES = YES;
				CLANG_WARN_SUSPICIOUS_MOVE = YES;
				CLANG_WARN_UNGUARDED_AVAILABILITY = YES_AGGRESSIVE;
				CLANG_WARN_UNREACHABLE_CODE = YES;
				CLANG_WARN__DUPLICATE_METHOD_MATCH = YES;
				COPY_PHASE_STRIP = NO;
				DEBUG_INFORMATION_FORMAT = "dwarf-with-dsym";
				ENABLE_NS_ASSERTIONS = NO;
				ENABLE_STRICT_OBJC_MSGSEND = YES;
				GCC_C_LANGUAGE_STANDARD = gnu11;
				GCC_NO_COMMON_BLOCKS = YES;
				GCC_WARN_64_TO_32_BIT_CONVERSION = YES;
				GCC_WARN_ABOUT_RETURN_TYPE = YES_ERROR;
				GCC_WARN_UNDECLARED_SELECTOR = YES;
				GCC_WARN_UNINITIALIZED_AUTOS = YES_AGGRESSIVE;
				GCC_WARN_UNUSED_FUNCTION = YES;
				GCC_WARN_UNUSED_VARIABLE = YES;
				IPHONEOS_DEPLOYMENT_TARGET = 15.2;
				MTL_ENABLE_DEBUG_INFO = NO;
				MTL_FAST_MATH = YES;
				SDKROOT = iphoneos;
				SWIFT_COMPILATION_MODE = wholemodule;
				SWIFT_OPTIMIZATION_LEVEL = "-O";
				VALIDATE_PRODUCT = YES;
			};
			name = Release;
		};
		6F7B453F28C7B1C60000EEB5 /* Debug */ = {
			isa = XCBuildConfiguration;
			buildSettings = {
				ASSETCATALOG_COMPILER_APPICON_NAME = AppIcon;
				ASSETCATALOG_COMPILER_GLOBAL_ACCENT_COLOR_NAME = AccentColor;
				CODE_SIGN_STYLE = Automatic;
				CURRENT_PROJECT_VERSION = 1;
				DEVELOPMENT_TEAM = WCKPXB57CT;
				GENERATE_INFOPLIST_FILE = YES;
				INFOPLIST_FILE = UsersManagementApp/Info.plist;
				INFOPLIST_KEY_UIApplicationSupportsIndirectInputEvents = YES;
				INFOPLIST_KEY_UILaunchStoryboardName = LaunchScreen;
				INFOPLIST_KEY_UIMainStoryboardFile = Main;
				INFOPLIST_KEY_UISupportedInterfaceOrientations_iPad = "UIInterfaceOrientationPortrait UIInterfaceOrientationPortraitUpsideDown UIInterfaceOrientationLandscapeLeft UIInterfaceOrientationLandscapeRight";
				INFOPLIST_KEY_UISupportedInterfaceOrientations_iPhone = "UIInterfaceOrientationPortrait UIInterfaceOrientationLandscapeLeft UIInterfaceOrientationLandscapeRight";
				LD_RUNPATH_SEARCH_PATHS = (
					"$(inherited)",
					"@executable_path/Frameworks",
				);
				MARKETING_VERSION = 1.0;
				PRODUCT_BUNDLE_IDENTIFIER = com.jjordanarenas.UsersManagementApp;
				PRODUCT_NAME = "$(TARGET_NAME)";
				SWIFT_EMIT_LOC_STRINGS = YES;
				SWIFT_VERSION = 5.0;
				TARGETED_DEVICE_FAMILY = "1,2";
			};
			name = Debug;
		};
		6F7B454028C7B1C60000EEB5 /* Release */ = {
			isa = XCBuildConfiguration;
			buildSettings = {
				ASSETCATALOG_COMPILER_APPICON_NAME = AppIcon;
				ASSETCATALOG_COMPILER_GLOBAL_ACCENT_COLOR_NAME = AccentColor;
				CODE_SIGN_STYLE = Automatic;
				CURRENT_PROJECT_VERSION = 1;
				DEVELOPMENT_TEAM = WCKPXB57CT;
				GENERATE_INFOPLIST_FILE = YES;
				INFOPLIST_FILE = UsersManagementApp/Info.plist;
				INFOPLIST_KEY_UIApplicationSupportsIndirectInputEvents = YES;
				INFOPLIST_KEY_UILaunchStoryboardName = LaunchScreen;
				INFOPLIST_KEY_UIMainStoryboardFile = Main;
				INFOPLIST_KEY_UISupportedInterfaceOrientations_iPad = "UIInterfaceOrientationPortrait UIInterfaceOrientationPortraitUpsideDown UIInterfaceOrientationLandscapeLeft UIInterfaceOrientationLandscapeRight";
				INFOPLIST_KEY_UISupportedInterfaceOrientations_iPhone = "UIInterfaceOrientationPortrait UIInterfaceOrientationLandscapeLeft UIInterfaceOrientationLandscapeRight";
				LD_RUNPATH_SEARCH_PATHS = (
					"$(inherited)",
					"@executable_path/Frameworks",
				);
				MARKETING_VERSION = 1.0;
				PRODUCT_BUNDLE_IDENTIFIER = com.jjordanarenas.UsersManagementApp;
				PRODUCT_NAME = "$(TARGET_NAME)";
				SWIFT_EMIT_LOC_STRINGS = YES;
				SWIFT_VERSION = 5.0;
				TARGETED_DEVICE_FAMILY = "1,2";
			};
			name = Release;
		};
		6F7B454228C7B1C60000EEB5 /* Debug */ = {
			isa = XCBuildConfiguration;
			buildSettings = {
				ALWAYS_EMBED_SWIFT_STANDARD_LIBRARIES = YES;
				BUNDLE_LOADER = "$(TEST_HOST)";
				CODE_SIGN_STYLE = Automatic;
				CURRENT_PROJECT_VERSION = 1;
				DEVELOPMENT_TEAM = WCKPXB57CT;
				GENERATE_INFOPLIST_FILE = YES;
				IPHONEOS_DEPLOYMENT_TARGET = 15.2;
				MARKETING_VERSION = 1.0;
				PRODUCT_BUNDLE_IDENTIFIER = com.jjordanarenas.UsersManagementAppTests;
				PRODUCT_NAME = "$(TARGET_NAME)";
				SWIFT_EMIT_LOC_STRINGS = NO;
				SWIFT_VERSION = 5.0;
				TARGETED_DEVICE_FAMILY = "1,2";
				TEST_HOST = "$(BUILT_PRODUCTS_DIR)/UsersManagementApp.app/UsersManagementApp";
			};
			name = Debug;
		};
		6F7B454328C7B1C60000EEB5 /* Release */ = {
			isa = XCBuildConfiguration;
			buildSettings = {
				ALWAYS_EMBED_SWIFT_STANDARD_LIBRARIES = YES;
				BUNDLE_LOADER = "$(TEST_HOST)";
				CODE_SIGN_STYLE = Automatic;
				CURRENT_PROJECT_VERSION = 1;
				DEVELOPMENT_TEAM = WCKPXB57CT;
				GENERATE_INFOPLIST_FILE = YES;
				IPHONEOS_DEPLOYMENT_TARGET = 15.2;
				MARKETING_VERSION = 1.0;
				PRODUCT_BUNDLE_IDENTIFIER = com.jjordanarenas.UsersManagementAppTests;
				PRODUCT_NAME = "$(TARGET_NAME)";
				SWIFT_EMIT_LOC_STRINGS = NO;
				SWIFT_VERSION = 5.0;
				TARGETED_DEVICE_FAMILY = "1,2";
				TEST_HOST = "$(BUILT_PRODUCTS_DIR)/UsersManagementApp.app/UsersManagementApp";
			};
			name = Release;
		};
		6F7B454528C7B1C60000EEB5 /* Debug */ = {
			isa = XCBuildConfiguration;
			buildSettings = {
				ALWAYS_EMBED_SWIFT_STANDARD_LIBRARIES = YES;
				CODE_SIGN_STYLE = Automatic;
				CURRENT_PROJECT_VERSION = 1;
				DEVELOPMENT_TEAM = WCKPXB57CT;
				GENERATE_INFOPLIST_FILE = YES;
				MARKETING_VERSION = 1.0;
				PRODUCT_BUNDLE_IDENTIFIER = com.jjordanarenas.UsersManagementAppUITests;
				PRODUCT_NAME = "$(TARGET_NAME)";
				SWIFT_EMIT_LOC_STRINGS = NO;
				SWIFT_VERSION = 5.0;
				TARGETED_DEVICE_FAMILY = "1,2";
				TEST_TARGET_NAME = UsersManagementApp;
			};
			name = Debug;
		};
		6F7B454628C7B1C60000EEB5 /* Release */ = {
			isa = XCBuildConfiguration;
			buildSettings = {
				ALWAYS_EMBED_SWIFT_STANDARD_LIBRARIES = YES;
				CODE_SIGN_STYLE = Automatic;
				CURRENT_PROJECT_VERSION = 1;
				DEVELOPMENT_TEAM = WCKPXB57CT;
				GENERATE_INFOPLIST_FILE = YES;
				MARKETING_VERSION = 1.0;
				PRODUCT_BUNDLE_IDENTIFIER = com.jjordanarenas.UsersManagementAppUITests;
				PRODUCT_NAME = "$(TARGET_NAME)";
				SWIFT_EMIT_LOC_STRINGS = NO;
				SWIFT_VERSION = 5.0;
				TARGETED_DEVICE_FAMILY = "1,2";
				TEST_TARGET_NAME = UsersManagementApp;
			};
			name = Release;
		};
/* End XCBuildConfiguration section */

/* Begin XCConfigurationList section */
		6F7B450F28C7B1C40000EEB5 /* Build configuration list for PBXProject "UsersManagementApp" */ = {
			isa = XCConfigurationList;
			buildConfigurations = (
				6F7B453C28C7B1C60000EEB5 /* Debug */,
				6F7B453D28C7B1C60000EEB5 /* Release */,
			);
			defaultConfigurationIsVisible = 0;
			defaultConfigurationName = Release;
		};
		6F7B453E28C7B1C60000EEB5 /* Build configuration list for PBXNativeTarget "UsersManagementApp" */ = {
			isa = XCConfigurationList;
			buildConfigurations = (
				6F7B453F28C7B1C60000EEB5 /* Debug */,
				6F7B454028C7B1C60000EEB5 /* Release */,
			);
			defaultConfigurationIsVisible = 0;
			defaultConfigurationName = Release;
		};
		6F7B454128C7B1C60000EEB5 /* Build configuration list for PBXNativeTarget "UsersManagementAppTests" */ = {
			isa = XCConfigurationList;
			buildConfigurations = (
				6F7B454228C7B1C60000EEB5 /* Debug */,
				6F7B454328C7B1C60000EEB5 /* Release */,
			);
			defaultConfigurationIsVisible = 0;
			defaultConfigurationName = Release;
		};
		6F7B454428C7B1C60000EEB5 /* Build configuration list for PBXNativeTarget "UsersManagementAppUITests" */ = {
			isa = XCConfigurationList;
			buildConfigurations = (
				6F7B454528C7B1C60000EEB5 /* Debug */,
				6F7B454628C7B1C60000EEB5 /* Release */,
			);
			defaultConfigurationIsVisible = 0;
			defaultConfigurationName = Release;
		};
/* End XCConfigurationList section */
	};
	rootObject = 6F7B450C28C7B1C40000EEB5 /* Project object */;
}
